
Microsoft Visual Studio Solution File, Format Version 12.00
Project("{FAE04EC0-301F-11D3-BF4B-00C04F79EFBC}") = "AikaEmu.AuthServer", "src\AikaEmu.AuthServer\AikaEmu.AuthServer.csproj", "{BD0D92C5-3B9B-467E-A5AF-5857A5155E85}"
EndProject
Project("{FAE04EC0-301F-11D3-BF4B-00C04F79EFBC}") = "AikaEmu.Shared", "src\AikaEmu.Shared\AikaEmu.Shared.csproj", "{745A5F63-FEF9-471B-AB72-C59A92E1CAEC}"
EndProject
Project("{FAE04EC0-301F-11D3-BF4B-00C04F79EFBC}") = "AikaEmu.GameServer", "src\AikaEmu.GameServer\AikaEmu.GameServer.csproj", "{80E146BF-2CC1-43BA-B662-67BDA583C0FD}"
EndProject
Project("{FAE04EC0-301F-11D3-BF4B-00C04F79EFBC}") = "AikaEmu.WebServer", "src\AikaEmu.WebServer\AikaEmu.WebServer.csproj", "{09278C4E-5EB9-4A05-8E14-76097BF88801}"
EndProject
Global
	GlobalSection(SolutionConfigurationPlatforms) = preSolution
		Debug|Any CPU = Debug|Any CPU
		Release|Any CPU = Release|Any CPU
	EndGlobalSection
	GlobalSection(ProjectConfigurationPlatforms) = postSolution
		{BD0D92C5-3B9B-467E-A5AF-5857A5155E85}.Debug|Any CPU.ActiveCfg = Debug|Any CPU
		{BD0D92C5-3B9B-467E-A5AF-5857A5155E85}.Debug|Any CPU.Build.0 = Debug|Any CPU
		{BD0D92C5-3B9B-467E-A5AF-5857A5155E85}.Release|Any CPU.ActiveCfg = Release|Any CPU
		{BD0D92C5-3B9B-467E-A5AF-5857A5155E85}.Release|Any CPU.Build.0 = Release|Any CPU
		{745A5F63-FEF9-471B-AB72-C59A92E1CAEC}.Debug|Any CPU.ActiveCfg = Debug|Any CPU
		{745A5F63-FEF9-471B-AB72-C59A92E1CAEC}.Debug|Any CPU.Build.0 = Debug|Any CPU
		{745A5F63-FEF9-471B-AB72-C59A92E1CAEC}.Release|Any CPU.ActiveCfg = Release|Any CPU
		{745A5F63-FEF9-471B-AB72-C59A92E1CAEC}.Release|Any CPU.Build.0 = Release|Any CPU
		{80E146BF-2CC1-43BA-B662-67BDA583C0FD}.Debug|Any CPU.ActiveCfg = Debug|Any CPU
		{80E146BF-2CC1-43BA-B662-67BDA583C0FD}.Debug|Any CPU.Build.0 = Debug|Any CPU
		{80E146BF-2CC1-43BA-B662-67BDA583C0FD}.Release|Any CPU.ActiveCfg = Release|Any CPU
		{80E146BF-2CC1-43BA-B662-67BDA583C0FD}.Release|Any CPU.Build.0 = Release|Any CPU
		{09278C4E-5EB9-4A05-8E14-76097BF88801}.Debug|Any CPU.ActiveCfg = Debug|Any CPU
		{09278C4E-5EB9-4A05-8E14-76097BF88801}.Debug|Any CPU.Build.0 = Debug|Any CPU
		{09278C4E-5EB9-4A05-8E14-76097BF88801}.Release|Any CPU.ActiveCfg = Release|Any CPU
		{09278C4E-5EB9-4A05-8E14-76097BF88801}.Release|Any CPU.Build.0 = Release|Any CPU
	EndGlobalSection
	GlobalSection(NestedProjects) = preSolution
	EndGlobalSection
EndGlobal
